
Microsoft Visual Studio Solution File, Format Version 12.00
# Visual Studio Version 17
VisualStudioVersion = 17.13.35806.99
MinimumVisualStudioVersion = 10.0.40219.1
Project("{FAE04EC0-301F-11D3-BF4B-00C04F79EFBC}") = "API", "API\API.csproj", "{F8C656A2-9439-477E-938D-CE2A22C890F7}"
EndProject
Project("{2150E333-8FDC-42A3-9474-1A3956D46DE8}") = "Root", "Root", "{5C74A372-CBED-41CF-BA05-B7A54711958A}"
	ProjectSection(SolutionItems) = preProject
		compose.yaml = compose.yaml
	EndProjectSection
EndProject
Project("{FAE04EC0-301F-11D3-BF4B-00C04F79EFBC}") = "Monitoring", "Monitor\Monitoring.csproj", "{0400242E-2A0D-4911-A1FB-D01EC321E6F5}"
EndProject
Global
	GlobalSection(SolutionConfigurationPlatforms) = preSolution
		Debug|Any CPU = Debug|Any CPU
		Release|Any CPU = Release|Any CPU
	EndGlobalSection
	GlobalSection(ProjectConfigurationPlatforms) = postSolution
		{F8C656A2-9439-477E-938D-CE2A22C890F7}.Debug|Any CPU.ActiveCfg = Debug|Any CPU
		{F8C656A2-9439-477E-938D-CE2A22C890F7}.Debug|Any CPU.Build.0 = Debug|Any CPU
		{F8C656A2-9439-477E-938D-CE2A22C890F7}.Release|Any CPU.ActiveCfg = Release|Any CPU
		{F8C656A2-9439-477E-938D-CE2A22C890F7}.Release|Any CPU.Build.0 = Release|Any CPU
		{0400242E-2A0D-4911-A1FB-D01EC321E6F5}.Debug|Any CPU.ActiveCfg = Debug|Any CPU
		{0400242E-2A0D-4911-A1FB-D01EC321E6F5}.Debug|Any CPU.Build.0 = Debug|Any CPU
		{0400242E-2A0D-4911-A1FB-D01EC321E6F5}.Release|Any CPU.ActiveCfg = Release|Any CPU
		{0400242E-2A0D-4911-A1FB-D01EC321E6F5}.Release|Any CPU.Build.0 = Release|Any CPU
	EndGlobalSection
	GlobalSection(SolutionProperties) = preSolution
		HideSolutionNode = FALSE
	EndGlobalSection
	GlobalSection(ExtensibilityGlobals) = postSolution
		SolutionGuid = {765A2E68-9F7C-47F8-9B59-79E1C9B8D8DA}
	EndGlobalSection
EndGlobal
